# This file is automatically @generated by Poetry 1.8.2 and should not be changed by hand.

[[package]]
name = "mimerpy"
version = "1.3.7"
description = "Python database interface for Mimer SQL"
optional = false
python-versions = ">=3.6"
files = [
    {file = "mimerpy-1.3.7-py3-none-any.whl", hash = "sha256:fba21ccda964d497dd7866eb382798b0aa68d17eb8cba2d017279dec3860ab13"},
    {file = "mimerpy-1.3.7.tar.gz", hash = "sha256:996f7df43c180be486f1bc4c2c25ede950fad702766b5d162983b778e1d1c5ff"},
]

[[package]]
name = "python-dotenv"
version = "1.0.1"
description = "Read key-value pairs from a .env file and set them as environment variables"
optional = false
python-versions = ">=3.8"
files = [
    {file = "python-dotenv-1.0.1.tar.gz", hash = "sha256:e324ee90a023d808f1959c46bcbc04446a10ced277783dc6ee09987c37ec10ca"},
    {file = "python_dotenv-1.0.1-py3-none-any.whl", hash = "sha256:f7b63ef50f1b690dddf550d03497b66d609393b40b564ed0d674909a68ebf16a"},
]

[package.extras]
cli = ["click (>=5.0)"]

[metadata]
lock-version = "2.0"
python-versions = "^3.8"
content-hash = "bd078824dc9a03765b1190b2428dc03265f9eb19326e4b1d448037fb2c87b18d"
